// !$*UTF8*$!
{
	archiveVersion = 1;
	classes = {
	};
	objectVersion = 55;
	objects = {

/* Begin PBXBuildFile section */
		236AA46B4D17CD58B9AAAB72 /* Pods_iPhone_Linux_Project.framework in Frameworks */ = {isa = PBXBuildFile; fileRef = 3A45EDD53B81C78DD2E35A0D /* Pods_iPhone_Linux_Project.framework */; };
		FA0BCC592934A53800072542 /* GoogleService-Info.plist in Resources */ = {isa = PBXBuildFile; fileRef = FA0BCC582934A53800072542 /* GoogleService-Info.plist */; };
		FA0BCC5C2934A82E00072542 /* FirebaseAuth in Frameworks */ = {isa = PBXBuildFile; productRef = FA0BCC5B2934A82E00072542 /* FirebaseAuth */; };
		FA0BCC5E2934A82E00072542 /* FirebaseDatabase in Frameworks */ = {isa = PBXBuildFile; productRef = FA0BCC5D2934A82E00072542 /* FirebaseDatabase */; };
		FA0BCC602934A82E00072542 /* FirebaseDatabaseSwift in Frameworks */ = {isa = PBXBuildFile; productRef = FA0BCC5F2934A82E00072542 /* FirebaseDatabaseSwift */; };
		FA0BCC622934A82E00072542 /* FirebaseFirestore in Frameworks */ = {isa = PBXBuildFile; productRef = FA0BCC612934A82E00072542 /* FirebaseFirestore */; };
		FA0BCC642934A82E00072542 /* FirebaseFirestoreSwift in Frameworks */ = {isa = PBXBuildFile; productRef = FA0BCC632934A82E00072542 /* FirebaseFirestoreSwift */; };
		FA0BCC662934A82E00072542 /* FirebaseRemoteConfig in Frameworks */ = {isa = PBXBuildFile; productRef = FA0BCC652934A82E00072542 /* FirebaseRemoteConfig */; };
		FA0BCC682934A82E00072542 /* FirebaseRemoteConfigSwift in Frameworks */ = {isa = PBXBuildFile; productRef = FA0BCC672934A82E00072542 /* FirebaseRemoteConfigSwift */; };
		FA0BCC6A2934A82E00072542 /* FirebaseStorage in Frameworks */ = {isa = PBXBuildFile; productRef = FA0BCC692934A82E00072542 /* FirebaseStorage */; };
		FA34D44E28CB288F001B8074 /* iPhone_Linux_ProjectApp.swift in Sources */ = {isa = PBXBuildFile; fileRef = FA34D44D28CB288F001B8074 /* iPhone_Linux_ProjectApp.swift */; };
		FA34D45028CB288F001B8074 /* ContentView.swift in Sources */ = {isa = PBXBuildFile; fileRef = FA34D44F28CB288F001B8074 /* ContentView.swift */; };
		FA34D45228CB2892001B8074 /* Assets.xcassets in Resources */ = {isa = PBXBuildFile; fileRef = FA34D45128CB2892001B8074 /* Assets.xcassets */; };
		FA34D45528CB2892001B8074 /* Preview Assets.xcassets in Resources */ = {isa = PBXBuildFile; fileRef = FA34D45428CB2892001B8074 /* Preview Assets.xcassets */; };
		FA37130628ED2D8600C70D73 /* Extensions.swift in Sources */ = {isa = PBXBuildFile; fileRef = FA37130528ED2D8600C70D73 /* Extensions.swift */; };
/* End PBXBuildFile section */

/* Begin PBXFileReference section */
		3A45EDD53B81C78DD2E35A0D /* Pods_iPhone_Linux_Project.framework */ = {isa = PBXFileReference; explicitFileType = wrapper.framework; includeInIndex = 0; path = Pods_iPhone_Linux_Project.framework; sourceTree = BUILT_PRODUCTS_DIR; };
		5213B6F84FBB36743AEE96C1 /* Pods-iPhone_Linux_Project.debug.xcconfig */ = {isa = PBXFileReference; includeInIndex = 1; lastKnownFileType = text.xcconfig; name = "Pods-iPhone_Linux_Project.debug.xcconfig"; path = "Target Support Files/Pods-iPhone_Linux_Project/Pods-iPhone_Linux_Project.debug.xcconfig"; sourceTree = "<group>"; };
		C7DF6E8E07156CAE0645774F /* Pods-iPhone_Linux_Project.release.xcconfig */ = {isa = PBXFileReference; includeInIndex = 1; lastKnownFileType = text.xcconfig; name = "Pods-iPhone_Linux_Project.release.xcconfig"; path = "Target Support Files/Pods-iPhone_Linux_Project/Pods-iPhone_Linux_Project.release.xcconfig"; sourceTree = "<group>"; };
		FA0BCC582934A53800072542 /* GoogleService-Info.plist */ = {isa = PBXFileReference; fileEncoding = 4; lastKnownFileType = text.plist.xml; path = "GoogleService-Info.plist"; sourceTree = "<group>"; };
		FA34D44A28CB288F001B8074 /* iPhone_Linux_Project.app */ = {isa = PBXFileReference; explicitFileType = wrapper.application; includeInIndex = 0; path = iPhone_Linux_Project.app; sourceTree = BUILT_PRODUCTS_DIR; };
		FA34D44D28CB288F001B8074 /* iPhone_Linux_ProjectApp.swift */ = {isa = PBXFileReference; lastKnownFileType = sourcecode.swift; path = iPhone_Linux_ProjectApp.swift; sourceTree = "<group>"; };
		FA34D44F28CB288F001B8074 /* ContentView.swift */ = {isa = PBXFileReference; lastKnownFileType = sourcecode.swift; path = ContentView.swift; sourceTree = "<group>"; };
		FA34D45128CB2892001B8074 /* Assets.xcassets */ = {isa = PBXFileReference; lastKnownFileType = folder.assetcatalog; path = Assets.xcassets; sourceTree = "<group>"; };
		FA34D45428CB2892001B8074 /* Preview Assets.xcassets */ = {isa = PBXFileReference; lastKnownFileType = folder.assetcatalog; path = "Preview Assets.xcassets"; sourceTree = "<group>"; };
		FA37130528ED2D8600C70D73 /* Extensions.swift */ = {isa = PBXFileReference; lastKnownFileType = sourcecode.swift; path = Extensions.swift; sourceTree = "<group>"; };
/* End PBXFileReference section */

/* Begin PBXFrameworksBuildPhase section */
		FA34D44728CB288F001B8074 /* Frameworks */ = {
			isa = PBXFrameworksBuildPhase;
			buildActionMask = 2147483647;
			files = (
				FA0BCC602934A82E00072542 /* FirebaseDatabaseSwift in Frameworks */,
				FA0BCC682934A82E00072542 /* FirebaseRemoteConfigSwift in Frameworks */,
				FA0BCC6A2934A82E00072542 /* FirebaseStorage in Frameworks */,
				FA0BCC5E2934A82E00072542 /* FirebaseDatabase in Frameworks */,
				236AA46B4D17CD58B9AAAB72 /* Pods_iPhone_Linux_Project.framework in Frameworks */,
				FA0BCC662934A82E00072542 /* FirebaseRemoteConfig in Frameworks */,
				FA0BCC622934A82E00072542 /* FirebaseFirestore in Frameworks */,
				FA0BCC5C2934A82E00072542 /* FirebaseAuth in Frameworks */,
				FA0BCC642934A82E00072542 /* FirebaseFirestoreSwift in Frameworks */,
			);
			runOnlyForDeploymentPostprocessing = 0;
		};
/* End PBXFrameworksBuildPhase section */

/* Begin PBXGroup section */
		63FD62C38F3929778E69C497 /* Frameworks */ = {
			isa = PBXGroup;
			children = (
				3A45EDD53B81C78DD2E35A0D /* Pods_iPhone_Linux_Project.framework */,
			);
			name = Frameworks;
			sourceTree = "<group>";
		};
		C9DD40FF4D6FA18CCE3229D9 /* Pods */ = {
			isa = PBXGroup;
			children = (
				5213B6F84FBB36743AEE96C1 /* Pods-iPhone_Linux_Project.debug.xcconfig */,
				C7DF6E8E07156CAE0645774F /* Pods-iPhone_Linux_Project.release.xcconfig */,
			);
			path = Pods;
			sourceTree = "<group>";
		};
		FA34D44128CB288F001B8074 = {
			isa = PBXGroup;
			children = (
				FA34D44C28CB288F001B8074 /* iPhone_Linux_Project */,
				FA34D44B28CB288F001B8074 /* Products */,
				C9DD40FF4D6FA18CCE3229D9 /* Pods */,
				63FD62C38F3929778E69C497 /* Frameworks */,
			);
			sourceTree = "<group>";
		};
		FA34D44B28CB288F001B8074 /* Products */ = {
			isa = PBXGroup;
			children = (
				FA34D44A28CB288F001B8074 /* iPhone_Linux_Project.app */,
			);
			name = Products;
			sourceTree = "<group>";
		};
		FA34D44C28CB288F001B8074 /* iPhone_Linux_Project */ = {
			isa = PBXGroup;
			children = (
				FA0BCC582934A53800072542 /* GoogleService-Info.plist */,
				FA34D44D28CB288F001B8074 /* iPhone_Linux_ProjectApp.swift */,
				FA34D44F28CB288F001B8074 /* ContentView.swift */,
				FA34D45128CB2892001B8074 /* Assets.xcassets */,
				FA34D45328CB2892001B8074 /* Preview Content */,
				FA37130528ED2D8600C70D73 /* Extensions.swift */,
			);
			path = iPhone_Linux_Project;
			sourceTree = "<group>";
		};
		FA34D45328CB2892001B8074 /* Preview Content */ = {
			isa = PBXGroup;
			children = (
				FA34D45428CB2892001B8074 /* Preview Assets.xcassets */,
			);
			path = "Preview Content";
			sourceTree = "<group>";
		};
/* End PBXGroup section */

/* Begin PBXNativeTarget section */
		FA34D44928CB288F001B8074 /* iPhone_Linux_Project */ = {
			isa = PBXNativeTarget;
			buildConfigurationList = FA34D45828CB2892001B8074 /* Build configuration list for PBXNativeTarget "iPhone_Linux_Project" */;
			buildPhases = (
				2AFA9A69005D4FB4595725C1 /* [CP] Check Pods Manifest.lock */,
				FA34D44628CB288F001B8074 /* Sources */,
				FA34D44728CB288F001B8074 /* Frameworks */,
				FA34D44828CB288F001B8074 /* Resources */,
				62DC4C06CB9D71179D792890 /* [CP] Embed Pods Frameworks */,
			);
			buildRules = (
			);
			dependencies = (
			);
			name = iPhone_Linux_Project;
			packageProductDependencies = (
				FA0BCC5B2934A82E00072542 /* FirebaseAuth */,
				FA0BCC5D2934A82E00072542 /* FirebaseDatabase */,
				FA0BCC5F2934A82E00072542 /* FirebaseDatabaseSwift */,
				FA0BCC612934A82E00072542 /* FirebaseFirestore */,
				FA0BCC632934A82E00072542 /* FirebaseFirestoreSwift */,
				FA0BCC652934A82E00072542 /* FirebaseRemoteConfig */,
				FA0BCC672934A82E00072542 /* FirebaseRemoteConfigSwift */,
				FA0BCC692934A82E00072542 /* FirebaseStorage */,
			);
			productName = iPhone_Linux_Project;
			productReference = FA34D44A28CB288F001B8074 /* iPhone_Linux_Project.app */;
			productType = "com.apple.product-type.application";
		};
/* End PBXNativeTarget section */

/* Begin PBXProject section */
		FA34D44228CB288F001B8074 /* Project object */ = {
			isa = PBXProject;
			attributes = {
				BuildIndependentTargetsInParallel = 1;
				LastSwiftUpdateCheck = 1340;
				LastUpgradeCheck = 1340;
				TargetAttributes = {
					FA34D44928CB288F001B8074 = {
						CreatedOnToolsVersion = 13.4.1;
					};
				};
			};
			buildConfigurationList = FA34D44528CB288F001B8074 /* Build configuration list for PBXProject "iPhone_Linux_Project" */;
			compatibilityVersion = "Xcode 13.0";
			developmentRegion = en;
			hasScannedForEncodings = 0;
			knownRegions = (
				en,
				Base,
			);
			mainGroup = FA34D44128CB288F001B8074;
			packageReferences = (
				FA0BCC5A2934A82E00072542 /* XCRemoteSwiftPackageReference "firebase-ios-sdk" */,
			);
			productRefGroup = FA34D44B28CB288F001B8074 /* Products */;
			projectDirPath = "";
			projectRoot = "";
			targets = (
				FA34D44928CB288F001B8074 /* iPhone_Linux_Project */,
			);
		};
/* End PBXProject section */

/* Begin PBXResourcesBuildPhase section */
		FA34D44828CB288F001B8074 /* Resources */ = {
			isa = PBXResourcesBuildPhase;
			buildActionMask = 2147483647;
			files = (
				FA34D45528CB2892001B8074 /* Preview Assets.xcassets in Resources */,
				FA34D45228CB2892001B8074 /* Assets.xcassets in Resources */,
				FA0BCC592934A53800072542 /* GoogleService-Info.plist in Resources */,
			);
			runOnlyForDeploymentPostprocessing = 0;
		};
/* End PBXResourcesBuildPhase section */

/* Begin PBXShellScriptBuildPhase section */
		2AFA9A69005D4FB4595725C1 /* [CP] Check Pods Manifest.lock */ = {
			isa = PBXShellScriptBuildPhase;
			buildActionMask = 2147483647;
			files = (
			);
			inputFileListPaths = (
			);
			inputPaths = (
				"${PODS_PODFILE_DIR_PATH}/Podfile.lock",
				"${PODS_ROOT}/Manifest.lock",
			);
			name = "[CP] Check Pods Manifest.lock";
			outputFileListPaths = (
			);
			outputPaths = (
				"$(DERIVED_FILE_DIR)/Pods-iPhone_Linux_Project-checkManifestLockResult.txt",
			);
			runOnlyForDeploymentPostprocessing = 0;
			shellPath = /bin/sh;
			shellScript = "diff \"${PODS_PODFILE_DIR_PATH}/Podfile.lock\" \"${PODS_ROOT}/Manifest.lock\" > /dev/null\nif [ $? != 0 ] ; then\n    # print error to STDERR\n    echo \"error: The sandbox is not in sync with the Podfile.lock. Run 'pod install' or update your CocoaPods installation.\" >&2\n    exit 1\nfi\n# This output is used by Xcode 'outputs' to avoid re-running this script phase.\necho \"SUCCESS\" > \"${SCRIPT_OUTPUT_FILE_0}\"\n";
			showEnvVarsInLog = 0;
		};
		62DC4C06CB9D71179D792890 /* [CP] Embed Pods Frameworks */ = {
			isa = PBXShellScriptBuildPhase;
			buildActionMask = 2147483647;
			files = (
			);
			inputFileListPaths = (
				"${PODS_ROOT}/Target Support Files/Pods-iPhone_Linux_Project/Pods-iPhone_Linux_Project-frameworks-${CONFIGURATION}-input-files.xcfilelist",
			);
			name = "[CP] Embed Pods Frameworks";
			outputFileListPaths = (
				"${PODS_ROOT}/Target Support Files/Pods-iPhone_Linux_Project/Pods-iPhone_Linux_Project-frameworks-${CONFIGURATION}-output-files.xcfilelist",
			);
			runOnlyForDeploymentPostprocessing = 0;
			shellPath = /bin/sh;
			shellScript = "\"${PODS_ROOT}/Target Support Files/Pods-iPhone_Linux_Project/Pods-iPhone_Linux_Project-frameworks.sh\"\n";
			showEnvVarsInLog = 0;
		};
/* End PBXShellScriptBuildPhase section */

/* Begin PBXSourcesBuildPhase section */
		FA34D44628CB288F001B8074 /* Sources */ = {
			isa = PBXSourcesBuildPhase;
			buildActionMask = 2147483647;
			files = (
				FA34D45028CB288F001B8074 /* ContentView.swift in Sources */,
				FA37130628ED2D8600C70D73 /* Extensions.swift in Sources */,
				FA34D44E28CB288F001B8074 /* iPhone_Linux_ProjectApp.swift in Sources */,
			);
			runOnlyForDeploymentPostprocessing = 0;
		};
/* End PBXSourcesBuildPhase section */

/* Begin XCBuildConfiguration section */
		FA34D45628CB2892001B8074 /* Debug */ = {
			isa = XCBuildConfiguration;
			buildSettings = {
				ALWAYS_SEARCH_USER_PATHS = NO;
				CLANG_ANALYZER_NONNULL = YES;
				CLANG_ANALYZER_NUMBER_OBJECT_CONVERSION = YES_AGGRESSIVE;
				CLANG_CXX_LANGUAGE_STANDARD = "gnu++17";
				CLANG_ENABLE_MODULES = YES;
				CLANG_ENABLE_OBJC_ARC = YES;
				CLANG_ENABLE_OBJC_WEAK = YES;
				CLANG_WARN_BLOCK_CAPTURE_AUTORELEASING = YES;
				CLANG_WARN_BOOL_CONVERSION = YES;
				CLANG_WARN_COMMA = YES;
				CLANG_WARN_CONSTANT_CONVERSION = YES;
				CLANG_WARN_DEPRECATED_OBJC_IMPLEMENTATIONS = YES;
				CLANG_WARN_DIRECT_OBJC_ISA_USAGE = YES_ERROR;
				CLANG_WARN_DOCUMENTATION_COMMENTS = YES;
				CLANG_WARN_EMPTY_BODY = YES;
				CLANG_WARN_ENUM_CONVERSION = YES;
				CLANG_WARN_INFINITE_RECURSION = YES;
				CLANG_WARN_INT_CONVERSION = YES;
				CLANG_WARN_NON_LITERAL_NULL_CONVERSION = YES;
				CLANG_WARN_OBJC_IMPLICIT_RETAIN_SELF = YES;
				CLANG_WARN_OBJC_LITERAL_CONVERSION = YES;
				CLANG_WARN_OBJC_ROOT_CLASS = YES_ERROR;
				CLANG_WARN_QUOTED_INCLUDE_IN_FRAMEWORK_HEADER = YES;
				CLANG_WARN_RANGE_LOOP_ANALYSIS = YES;
				CLANG_WARN_STRICT_PROTOTYPES = YES;
				CLANG_WARN_SUSPICIOUS_MOVE = YES;
				CLANG_WARN_UNGUARDED_AVAILABILITY = YES_AGGRESSIVE;
				CLANG_WARN_UNREACHABLE_CODE = YES;
				CLANG_WARN__DUPLICATE_METHOD_MATCH = YES;
				COPY_PHASE_STRIP = NO;
				DEBUG_INFORMATION_FORMAT = dwarf;
				ENABLE_STRICT_OBJC_MSGSEND = YES;
				ENABLE_TESTABILITY = YES;
				GCC_C_LANGUAGE_STANDARD = gnu11;
				GCC_DYNAMIC_NO_PIC = NO;
				GCC_NO_COMMON_BLOCKS = YES;
				GCC_OPTIMIZATION_LEVEL = 0;
				GCC_PREPROCESSOR_DEFINITIONS = (
					"DEBUG=1",
					"$(inherited)",
				);
				GCC_WARN_64_TO_32_BIT_CONVERSION = YES;
				GCC_WARN_ABOUT_RETURN_TYPE = YES_ERROR;
				GCC_WARN_UNDECLARED_SELECTOR = YES;
				GCC_WARN_UNINITIALIZED_AUTOS = YES_AGGRESSIVE;
				GCC_WARN_UNUSED_FUNCTION = YES;
				GCC_WARN_UNUSED_VARIABLE = YES;
				IPHONEOS_DEPLOYMENT_TARGET = 15.0;
				MTL_ENABLE_DEBUG_INFO = INCLUDE_SOURCE;
				MTL_FAST_MATH = YES;
				ONLY_ACTIVE_ARCH = YES;
				SDKROOT = iphoneos;
				SWIFT_ACTIVE_COMPILATION_CONDITIONS = DEBUG;
				SWIFT_OPTIMIZATION_LEVEL = "-Onone";
			};
			name = Debug;
		};
		FA34D45728CB2892001B8074 /* Release */ = {
			isa = XCBuildConfiguration;
			buildSettings = {
				ALWAYS_SEARCH_USER_PATHS = NO;
				CLANG_ANALYZER_NONNULL = YES;
				CLANG_ANALYZER_NUMBER_OBJECT_CONVERSION = YES_AGGRESSIVE;
				CLANG_CXX_LANGUAGE_STANDARD = "gnu++17";
				CLANG_ENABLE_MODULES = YES;
				CLANG_ENABLE_OBJC_ARC = YES;
				CLANG_ENABLE_OBJC_WEAK = YES;
				CLANG_WARN_BLOCK_CAPTURE_AUTORELEASING = YES;
				CLANG_WARN_BOOL_CONVERSION = YES;
				CLANG_WARN_COMMA = YES;
				CLANG_WARN_CONSTANT_CONVERSION = YES;
				CLANG_WARN_DEPRECATED_OBJC_IMPLEMENTATIONS = YES;
				CLANG_WARN_DIRECT_OBJC_ISA_USAGE = YES_ERROR;
				CLANG_WARN_DOCUMENTATION_COMMENTS = YES;
				CLANG_WARN_EMPTY_BODY = YES;
				CLANG_WARN_ENUM_CONVERSION = YES;
				CLANG_WARN_INFINITE_RECURSION = YES;
				CLANG_WARN_INT_CONVERSION = YES;
				CLANG_WARN_NON_LITERAL_NULL_CONVERSION = YES;
				CLANG_WARN_OBJC_IMPLICIT_RETAIN_SELF = YES;
				CLANG_WARN_OBJC_LITERAL_CONVERSION = YES;
				CLANG_WARN_OBJC_ROOT_CLASS = YES_ERROR;
				CLANG_WARN_QUOTED_INCLUDE_IN_FRAMEWORK_HEADER = YES;
				CLANG_WARN_RANGE_LOOP_ANALYSIS = YES;
				CLANG_WARN_STRICT_PROTOTYPES = YES;
				CLANG_WARN_SUSPICIOUS_MOVE = YES;
				CLANG_WARN_UNGUARDED_AVAILABILITY = YES_AGGRESSIVE;
				CLANG_WARN_UNREACHABLE_CODE = YES;
				CLANG_WARN__DUPLICATE_METHOD_MATCH = YES;
				COPY_PHASE_STRIP = NO;
				DEBUG_INFORMATION_FORMAT = "dwarf-with-dsym";
				ENABLE_NS_ASSERTIONS = NO;
				ENABLE_STRICT_OBJC_MSGSEND = YES;
				GCC_C_LANGUAGE_STANDARD = gnu11;
				GCC_NO_COMMON_BLOCKS = YES;
				GCC_WARN_64_TO_32_BIT_CONVERSION = YES;
				GCC_WARN_ABOUT_RETURN_TYPE = YES_ERROR;
				GCC_WARN_UNDECLARED_SELECTOR = YES;
				GCC_WARN_UNINITIALIZED_AUTOS = YES_AGGRESSIVE;
				GCC_WARN_UNUSED_FUNCTION = YES;
				GCC_WARN_UNUSED_VARIABLE = YES;
				IPHONEOS_DEPLOYMENT_TARGET = 15.0;
				MTL_ENABLE_DEBUG_INFO = NO;
				MTL_FAST_MATH = YES;
				SDKROOT = iphoneos;
				SWIFT_COMPILATION_MODE = wholemodule;
				SWIFT_OPTIMIZATION_LEVEL = "-O";
				VALIDATE_PRODUCT = YES;
			};
			name = Release;
		};
		FA34D45928CB2892001B8074 /* Debug */ = {
			isa = XCBuildConfiguration;
			baseConfigurationReference = 5213B6F84FBB36743AEE96C1 /* Pods-iPhone_Linux_Project.debug.xcconfig */;
			buildSettings = {
				ASSETCATALOG_COMPILER_APPICON_NAME = AppIcon;
				ASSETCATALOG_COMPILER_GLOBAL_ACCENT_COLOR_NAME = AccentColor;
				CODE_SIGN_STYLE = Automatic;
				CURRENT_PROJECT_VERSION = 1;
				DEVELOPMENT_ASSET_PATHS = "\"iPhone_Linux_Project/Preview Content\"";
				DEVELOPMENT_TEAM = ARW333S82J;
				ENABLE_PREVIEWS = YES;
				GENERATE_INFOPLIST_FILE = YES;
				INFOPLIST_KEY_UIApplicationSceneManifest_Generation = YES;
				INFOPLIST_KEY_UIApplicationSupportsIndirectInputEvents = YES;
				INFOPLIST_KEY_UILaunchScreen_Generation = YES;
				INFOPLIST_KEY_UISupportedInterfaceOrientations_iPad = "UIInterfaceOrientationPortrait UIInterfaceOrientationPortraitUpsideDown UIInterfaceOrientationLandscapeLeft UIInterfaceOrientationLandscapeRight";
				INFOPLIST_KEY_UISupportedInterfaceOrientations_iPhone = "UIInterfaceOrientationPortrait UIInterfaceOrientationLandscapeLeft UIInterfaceOrientationLandscapeRight";
				IPHONEOS_DEPLOYMENT_TARGET = 15.0;
				LD_RUNPATH_SEARCH_PATHS = (
					"$(inherited)",
					"@executable_path/Frameworks",
				);
				MARKETING_VERSION = 1.0;
				PRODUCT_BUNDLE_IDENTIFIER = "com.uxd.co.jp.iPhone-Linux-Project";
				PRODUCT_NAME = "$(TARGET_NAME)";
				SWIFT_EMIT_LOC_STRINGS = YES;
				SWIFT_VERSION = 5.0;
				TARGETED_DEVICE_FAMILY = "1,2";
			};
			name = Debug;
		};
		FA34D45A28CB2892001B8074 /* Release */ = {
			isa = XCBuildConfiguration;
			baseConfigurationReference = C7DF6E8E07156CAE0645774F /* Pods-iPhone_Linux_Project.release.xcconfig */;
			buildSettings = {
				ASSETCATALOG_COMPILER_APPICON_NAME = AppIcon;
				ASSETCATALOG_COMPILER_GLOBAL_ACCENT_COLOR_NAME = AccentColor;
				CODE_SIGN_STYLE = Automatic;
				CURRENT_PROJECT_VERSION = 1;
				DEVELOPMENT_ASSET_PATHS = "\"iPhone_Linux_Project/Preview Content\"";
				DEVELOPMENT_TEAM = ARW333S82J;
				ENABLE_PREVIEWS = YES;
				GENERATE_INFOPLIST_FILE = YES;
				INFOPLIST_KEY_UIApplicationSceneManifest_Generation = YES;
				INFOPLIST_KEY_UIApplicationSupportsIndirectInputEvents = YES;
				INFOPLIST_KEY_UILaunchScreen_Generation = YES;
				INFOPLIST_KEY_UISupportedInterfaceOrientations_iPad = "UIInterfaceOrientationPortrait UIInterfaceOrientationPortraitUpsideDown UIInterfaceOrientationLandscapeLeft UIInterfaceOrientationLandscapeRight";
				INFOPLIST_KEY_UISupportedInterfaceOrientations_iPhone = "UIInterfaceOrientationPortrait UIInterfaceOrientationLandscapeLeft UIInterfaceOrientationLandscapeRight";
				IPHONEOS_DEPLOYMENT_TARGET = 15.0;
				LD_RUNPATH_SEARCH_PATHS = (
					"$(inherited)",
					"@executable_path/Frameworks",
				);
				MARKETING_VERSION = 1.0;
				PRODUCT_BUNDLE_IDENTIFIER = "com.uxd.co.jp.iPhone-Linux-Project";
				PRODUCT_NAME = "$(TARGET_NAME)";
				SWIFT_EMIT_LOC_STRINGS = YES;
				SWIFT_VERSION = 5.0;
				TARGETED_DEVICE_FAMILY = "1,2";
			};
			name = Release;
		};
/* End XCBuildConfiguration section */

/* Begin XCConfigurationList section */
		FA34D44528CB288F001B8074 /* Build configuration list for PBXProject "iPhone_Linux_Project" */ = {
			isa = XCConfigurationList;
			buildConfigurations = (
				FA34D45628CB2892001B8074 /* Debug */,
				FA34D45728CB2892001B8074 /* Release */,
			);
			defaultConfigurationIsVisible = 0;
			defaultConfigurationName = Release;
		};
		FA34D45828CB2892001B8074 /* Build configuration list for PBXNativeTarget "iPhone_Linux_Project" */ = {
			isa = XCConfigurationList;
			buildConfigurations = (
				FA34D45928CB2892001B8074 /* Debug */,
				FA34D45A28CB2892001B8074 /* Release */,
			);
			defaultConfigurationIsVisible = 0;
			defaultConfigurationName = Release;
		};
/* End XCConfigurationList section */

/* Begin XCRemoteSwiftPackageReference section */
		FA0BCC5A2934A82E00072542 /* XCRemoteSwiftPackageReference "firebase-ios-sdk" */ = {
			isa = XCRemoteSwiftPackageReference;
			repositoryURL = "https://github.com/firebase/firebase-ios-sdk";
			requirement = {
				kind = upToNextMajorVersion;
				minimumVersion = 9.0.0;
			};
		};
/* End XCRemoteSwiftPackageReference section */

/* Begin XCSwiftPackageProductDependency section */
		FA0BCC5B2934A82E00072542 /* FirebaseAuth */ = {
			isa = XCSwiftPackageProductDependency;
			package = FA0BCC5A2934A82E00072542 /* XCRemoteSwiftPackageReference "firebase-ios-sdk" */;
			productName = FirebaseAuth;
		};
		FA0BCC5D2934A82E00072542 /* FirebaseDatabase */ = {
			isa = XCSwiftPackageProductDependency;
			package = FA0BCC5A2934A82E00072542 /* XCRemoteSwiftPackageReference "firebase-ios-sdk" */;
			productName = FirebaseDatabase;
		};
		FA0BCC5F2934A82E00072542 /* FirebaseDatabaseSwift */ = {
			isa = XCSwiftPackageProductDependency;
			package = FA0BCC5A2934A82E00072542 /* XCRemoteSwiftPackageReference "firebase-ios-sdk" */;
			productName = FirebaseDatabaseSwift;
		};
		FA0BCC612934A82E00072542 /* FirebaseFirestore */ = {
			isa = XCSwiftPackageProductDependency;
			package = FA0BCC5A2934A82E00072542 /* XCRemoteSwiftPackageReference "firebase-ios-sdk" */;
			productName = FirebaseFirestore;
		};
		FA0BCC632934A82E00072542 /* FirebaseFirestoreSwift */ = {
			isa = XCSwiftPackageProductDependency;
			package = FA0BCC5A2934A82E00072542 /* XCRemoteSwiftPackageReference "firebase-ios-sdk" */;
			productName = FirebaseFirestoreSwift;
		};
		FA0BCC652934A82E00072542 /* FirebaseRemoteConfig */ = {
			isa = XCSwiftPackageProductDependency;
			package = FA0BCC5A2934A82E00072542 /* XCRemoteSwiftPackageReference "firebase-ios-sdk" */;
			productName = FirebaseRemoteConfig;
		};
		FA0BCC672934A82E00072542 /* FirebaseRemoteConfigSwift */ = {
			isa = XCSwiftPackageProductDependency;
			package = FA0BCC5A2934A82E00072542 /* XCRemoteSwiftPackageReference "firebase-ios-sdk" */;
			productName = FirebaseRemoteConfigSwift;
		};
		FA0BCC692934A82E00072542 /* FirebaseStorage */ = {
			isa = XCSwiftPackageProductDependency;
			package = FA0BCC5A2934A82E00072542 /* XCRemoteSwiftPackageReference "firebase-ios-sdk" */;
			productName = FirebaseStorage;
		};
/* End XCSwiftPackageProductDependency section */
	};
	rootObject = FA34D44228CB288F001B8074 /* Project object */;
}
