// !$*UTF8*$!
{
	archiveVersion = 1;
	classes = {
	};
	objectVersion = 56;
	objects = {

/* Begin PBXBuildFile section */
		FA51A6EA28F6B73A0071BC9E /* iphoneInfoDisplayApp.swift in Sources */ = {isa = PBXBuildFile; fileRef = FA51A6E928F6B73A0071BC9E /* iphoneInfoDisplayApp.swift */; };
		FA51A6EC28F6B73A0071BC9E /* ContentView.swift in Sources */ = {isa = PBXBuildFile; fileRef = FA51A6EB28F6B73A0071BC9E /* ContentView.swift */; };
		FA51A6EE28F6B73D0071BC9E /* Assets.xcassets in Resources */ = {isa = PBXBuildFile; fileRef = FA51A6ED28F6B73D0071BC9E /* Assets.xcassets */; };
		FA51A6F128F6B73D0071BC9E /* Preview Assets.xcassets in Resources */ = {isa = PBXBuildFile; fileRef = FA51A6F028F6B73D0071BC9E /* Preview Assets.xcassets */; };
		FA790EA22939EA5800C4B4B4 /* GoogleService-Info.plist in Resources */ = {isa = PBXBuildFile; fileRef = FA790EA12939EA5800C4B4B4 /* GoogleService-Info.plist */; };
		FA790EA52939EBA200C4B4B4 /* FirebaseAuth in Frameworks */ = {isa = PBXBuildFile; productRef = FA790EA42939EBA200C4B4B4 /* FirebaseAuth */; };
		FA790EA72939EBA200C4B4B4 /* FirebaseDatabase in Frameworks */ = {isa = PBXBuildFile; productRef = FA790EA62939EBA200C4B4B4 /* FirebaseDatabase */; };
		FA790EA92939EBA200C4B4B4 /* FirebaseFirestore in Frameworks */ = {isa = PBXBuildFile; productRef = FA790EA82939EBA200C4B4B4 /* FirebaseFirestore */; };
		FA790EAB2939EBA200C4B4B4 /* FirebaseRemoteConfig in Frameworks */ = {isa = PBXBuildFile; productRef = FA790EAA2939EBA200C4B4B4 /* FirebaseRemoteConfig */; };
		FA790EAD2939EBA200C4B4B4 /* FirebaseStorage in Frameworks */ = {isa = PBXBuildFile; productRef = FA790EAC2939EBA200C4B4B4 /* FirebaseStorage */; };
		FAEF2A8828FD40E800E5ACBA /* FanCheckView.swift in Sources */ = {isa = PBXBuildFile; fileRef = FAEF2A8728FD40E800E5ACBA /* FanCheckView.swift */; };
		FAEF2A8B28FD414600E5ACBA /* FanCheckResultView.swift in Sources */ = {isa = PBXBuildFile; fileRef = FAEF2A8928FD414600E5ACBA /* FanCheckResultView.swift */; };
		FAEF2A8C28FD414600E5ACBA /* FanCheckAndControllerView.swift in Sources */ = {isa = PBXBuildFile; fileRef = FAEF2A8A28FD414600E5ACBA /* FanCheckAndControllerView.swift */; };
/* End PBXBuildFile section */

/* Begin PBXFileReference section */
		FA51A6E628F6B73A0071BC9E /* iphoneInfoDisplay.app */ = {isa = PBXFileReference; explicitFileType = wrapper.application; includeInIndex = 0; path = iphoneInfoDisplay.app; sourceTree = BUILT_PRODUCTS_DIR; };
		FA51A6E928F6B73A0071BC9E /* iphoneInfoDisplayApp.swift */ = {isa = PBXFileReference; lastKnownFileType = sourcecode.swift; path = iphoneInfoDisplayApp.swift; sourceTree = "<group>"; };
		FA51A6EB28F6B73A0071BC9E /* ContentView.swift */ = {isa = PBXFileReference; lastKnownFileType = sourcecode.swift; path = ContentView.swift; sourceTree = "<group>"; };
		FA51A6ED28F6B73D0071BC9E /* Assets.xcassets */ = {isa = PBXFileReference; lastKnownFileType = folder.assetcatalog; path = Assets.xcassets; sourceTree = "<group>"; };
		FA51A6F028F6B73D0071BC9E /* Preview Assets.xcassets */ = {isa = PBXFileReference; lastKnownFileType = folder.assetcatalog; path = "Preview Assets.xcassets"; sourceTree = "<group>"; };
		FA51A6F228F6B73D0071BC9E /* iphoneInfoDisplay.entitlements */ = {isa = PBXFileReference; lastKnownFileType = text.plist.entitlements; path = iphoneInfoDisplay.entitlements; sourceTree = "<group>"; };
		FA790EA12939EA5800C4B4B4 /* GoogleService-Info.plist */ = {isa = PBXFileReference; fileEncoding = 4; lastKnownFileType = text.plist.xml; path = "GoogleService-Info.plist"; sourceTree = "<group>"; };
		FA9BE17C293DF0F600F3D68B /* Info.plist */ = {isa = PBXFileReference; lastKnownFileType = text.plist; path = Info.plist; sourceTree = "<group>"; };
		FAEF2A8728FD40E800E5ACBA /* FanCheckView.swift */ = {isa = PBXFileReference; lastKnownFileType = sourcecode.swift; path = FanCheckView.swift; sourceTree = "<group>"; };
		FAEF2A8928FD414600E5ACBA /* FanCheckResultView.swift */ = {isa = PBXFileReference; fileEncoding = 4; lastKnownFileType = sourcecode.swift; path = FanCheckResultView.swift; sourceTree = "<group>"; };
		FAEF2A8A28FD414600E5ACBA /* FanCheckAndControllerView.swift */ = {isa = PBXFileReference; fileEncoding = 4; lastKnownFileType = sourcecode.swift; path = FanCheckAndControllerView.swift; sourceTree = "<group>"; };
/* End PBXFileReference section */

/* Begin PBXFrameworksBuildPhase section */
		FA51A6E328F6B73A0071BC9E /* Frameworks */ = {
			isa = PBXFrameworksBuildPhase;
			buildActionMask = 2147483647;
			files = (
				FA790EA72939EBA200C4B4B4 /* FirebaseDatabase in Frameworks */,
				FA790EA52939EBA200C4B4B4 /* FirebaseAuth in Frameworks */,
				FA790EA92939EBA200C4B4B4 /* FirebaseFirestore in Frameworks */,
				FA790EAD2939EBA200C4B4B4 /* FirebaseStorage in Frameworks */,
				FA790EAB2939EBA200C4B4B4 /* FirebaseRemoteConfig in Frameworks */,
			);
			runOnlyForDeploymentPostprocessing = 0;
		};
/* End PBXFrameworksBuildPhase section */

/* Begin PBXGroup section */
		FA51A6DD28F6B7390071BC9E = {
			isa = PBXGroup;
			children = (
				FA51A6E828F6B73A0071BC9E /* iphoneInfoDisplay */,
				FA51A6E728F6B73A0071BC9E /* Products */,
			);
			sourceTree = "<group>";
		};
		FA51A6E728F6B73A0071BC9E /* Products */ = {
			isa = PBXGroup;
			children = (
				FA51A6E628F6B73A0071BC9E /* iphoneInfoDisplay.app */,
			);
			name = Products;
			sourceTree = "<group>";
		};
		FA51A6E828F6B73A0071BC9E /* iphoneInfoDisplay */ = {
			isa = PBXGroup;
			children = (
				FA9BE17C293DF0F600F3D68B /* Info.plist */,
				FA51A6E928F6B73A0071BC9E /* iphoneInfoDisplayApp.swift */,
				FA51A6EB28F6B73A0071BC9E /* ContentView.swift */,
				FA51A6ED28F6B73D0071BC9E /* Assets.xcassets */,
				FA51A6F228F6B73D0071BC9E /* iphoneInfoDisplay.entitlements */,
				FA51A6EF28F6B73D0071BC9E /* Preview Content */,
				FAEF2A8728FD40E800E5ACBA /* FanCheckView.swift */,
				FAEF2A8A28FD414600E5ACBA /* FanCheckAndControllerView.swift */,
				FAEF2A8928FD414600E5ACBA /* FanCheckResultView.swift */,
				FA790EA12939EA5800C4B4B4 /* GoogleService-Info.plist */,
			);
			path = iphoneInfoDisplay;
			sourceTree = "<group>";
		};
		FA51A6EF28F6B73D0071BC9E /* Preview Content */ = {
			isa = PBXGroup;
			children = (
				FA51A6F028F6B73D0071BC9E /* Preview Assets.xcassets */,
			);
			path = "Preview Content";
			sourceTree = "<group>";
		};
/* End PBXGroup section */

/* Begin PBXNativeTarget section */
		FA51A6E528F6B73A0071BC9E /* iphoneInfoDisplay */ = {
			isa = PBXNativeTarget;
			buildConfigurationList = FA51A6F528F6B73D0071BC9E /* Build configuration list for PBXNativeTarget "iphoneInfoDisplay" */;
			buildPhases = (
				FA51A6E228F6B73A0071BC9E /* Sources */,
				FA51A6E328F6B73A0071BC9E /* Frameworks */,
				FA51A6E428F6B73A0071BC9E /* Resources */,
			);
			buildRules = (
			);
			dependencies = (
			);
			name = iphoneInfoDisplay;
			packageProductDependencies = (
				FA790EA42939EBA200C4B4B4 /* FirebaseAuth */,
				FA790EA62939EBA200C4B4B4 /* FirebaseDatabase */,
				FA790EA82939EBA200C4B4B4 /* FirebaseFirestore */,
				FA790EAA2939EBA200C4B4B4 /* FirebaseRemoteConfig */,
				FA790EAC2939EBA200C4B4B4 /* FirebaseStorage */,
			);
			productName = iphoneInfoDisplay;
			productReference = FA51A6E628F6B73A0071BC9E /* iphoneInfoDisplay.app */;
			productType = "com.apple.product-type.application";
		};
/* End PBXNativeTarget section */

/* Begin PBXProject section */
		FA51A6DE28F6B7390071BC9E /* Project object */ = {
			isa = PBXProject;
			attributes = {
				BuildIndependentTargetsInParallel = 1;
				LastSwiftUpdateCheck = 1400;
				LastUpgradeCheck = 1400;
				TargetAttributes = {
					FA51A6E528F6B73A0071BC9E = {
						CreatedOnToolsVersion = 14.0.1;
					};
				};
			};
			buildConfigurationList = FA51A6E128F6B7390071BC9E /* Build configuration list for PBXProject "iphoneInfoDisplay" */;
			compatibilityVersion = "Xcode 14.0";
			developmentRegion = en;
			hasScannedForEncodings = 0;
			knownRegions = (
				en,
				Base,
			);
			mainGroup = FA51A6DD28F6B7390071BC9E;
			packageReferences = (
				FA790EA32939EBA200C4B4B4 /* XCRemoteSwiftPackageReference "firebase-ios-sdk" */,
			);
			productRefGroup = FA51A6E728F6B73A0071BC9E /* Products */;
			projectDirPath = "";
			projectRoot = "";
			targets = (
				FA51A6E528F6B73A0071BC9E /* iphoneInfoDisplay */,
			);
		};
/* End PBXProject section */

/* Begin PBXResourcesBuildPhase section */
		FA51A6E428F6B73A0071BC9E /* Resources */ = {
			isa = PBXResourcesBuildPhase;
			buildActionMask = 2147483647;
			files = (
				FA51A6F128F6B73D0071BC9E /* Preview Assets.xcassets in Resources */,
				FA790EA22939EA5800C4B4B4 /* GoogleService-Info.plist in Resources */,
				FA51A6EE28F6B73D0071BC9E /* Assets.xcassets in Resources */,
			);
			runOnlyForDeploymentPostprocessing = 0;
		};
/* End PBXResourcesBuildPhase section */

/* Begin PBXSourcesBuildPhase section */
		FA51A6E228F6B73A0071BC9E /* Sources */ = {
			isa = PBXSourcesBuildPhase;
			buildActionMask = 2147483647;
			files = (
				FAEF2A8B28FD414600E5ACBA /* FanCheckResultView.swift in Sources */,
				FAEF2A8828FD40E800E5ACBA /* FanCheckView.swift in Sources */,
				FAEF2A8C28FD414600E5ACBA /* FanCheckAndControllerView.swift in Sources */,
				FA51A6EC28F6B73A0071BC9E /* ContentView.swift in Sources */,
				FA51A6EA28F6B73A0071BC9E /* iphoneInfoDisplayApp.swift in Sources */,
			);
			runOnlyForDeploymentPostprocessing = 0;
		};
/* End PBXSourcesBuildPhase section */

/* Begin XCBuildConfiguration section */
		FA51A6F328F6B73D0071BC9E /* Debug */ = {
			isa = XCBuildConfiguration;
			buildSettings = {
				ALWAYS_SEARCH_USER_PATHS = NO;
				CLANG_ANALYZER_NONNULL = YES;
				CLANG_ANALYZER_NUMBER_OBJECT_CONVERSION = YES_AGGRESSIVE;
				CLANG_CXX_LANGUAGE_STANDARD = "gnu++20";
				CLANG_ENABLE_MODULES = YES;
				CLANG_ENABLE_OBJC_ARC = YES;
				CLANG_ENABLE_OBJC_WEAK = YES;
				CLANG_WARN_BLOCK_CAPTURE_AUTORELEASING = YES;
				CLANG_WARN_BOOL_CONVERSION = YES;
				CLANG_WARN_COMMA = YES;
				CLANG_WARN_CONSTANT_CONVERSION = YES;
				CLANG_WARN_DEPRECATED_OBJC_IMPLEMENTATIONS = YES;
				CLANG_WARN_DIRECT_OBJC_ISA_USAGE = YES_ERROR;
				CLANG_WARN_DOCUMENTATION_COMMENTS = YES;
				CLANG_WARN_EMPTY_BODY = YES;
				CLANG_WARN_ENUM_CONVERSION = YES;
				CLANG_WARN_INFINITE_RECURSION = YES;
				CLANG_WARN_INT_CONVERSION = YES;
				CLANG_WARN_NON_LITERAL_NULL_CONVERSION = YES;
				CLANG_WARN_OBJC_IMPLICIT_RETAIN_SELF = YES;
				CLANG_WARN_OBJC_LITERAL_CONVERSION = YES;
				CLANG_WARN_OBJC_ROOT_CLASS = YES_ERROR;
				CLANG_WARN_QUOTED_INCLUDE_IN_FRAMEWORK_HEADER = YES;
				CLANG_WARN_RANGE_LOOP_ANALYSIS = YES;
				CLANG_WARN_STRICT_PROTOTYPES = YES;
				CLANG_WARN_SUSPICIOUS_MOVE = YES;
				CLANG_WARN_UNGUARDED_AVAILABILITY = YES_AGGRESSIVE;
				CLANG_WARN_UNREACHABLE_CODE = YES;
				CLANG_WARN__DUPLICATE_METHOD_MATCH = YES;
				COPY_PHASE_STRIP = NO;
				DEBUG_INFORMATION_FORMAT = dwarf;
				ENABLE_STRICT_OBJC_MSGSEND = YES;
				ENABLE_TESTABILITY = YES;
				GCC_C_LANGUAGE_STANDARD = gnu11;
				GCC_DYNAMIC_NO_PIC = NO;
				GCC_NO_COMMON_BLOCKS = YES;
				GCC_OPTIMIZATION_LEVEL = 0;
				GCC_PREPROCESSOR_DEFINITIONS = (
					"DEBUG=1",
					"$(inherited)",
				);
				GCC_WARN_64_TO_32_BIT_CONVERSION = YES;
				GCC_WARN_ABOUT_RETURN_TYPE = YES_ERROR;
				GCC_WARN_UNDECLARED_SELECTOR = YES;
				GCC_WARN_UNINITIALIZED_AUTOS = YES_AGGRESSIVE;
				GCC_WARN_UNUSED_FUNCTION = YES;
				GCC_WARN_UNUSED_VARIABLE = YES;
				MACOSX_DEPLOYMENT_TARGET = 12.3;
				MTL_ENABLE_DEBUG_INFO = INCLUDE_SOURCE;
				MTL_FAST_MATH = YES;
				ONLY_ACTIVE_ARCH = YES;
				SDKROOT = macosx;
				SWIFT_ACTIVE_COMPILATION_CONDITIONS = DEBUG;
				SWIFT_OPTIMIZATION_LEVEL = "-Onone";
			};
			name = Debug;
		};
		FA51A6F428F6B73D0071BC9E /* Release */ = {
			isa = XCBuildConfiguration;
			buildSettings = {
				ALWAYS_SEARCH_USER_PATHS = NO;
				CLANG_ANALYZER_NONNULL = YES;
				CLANG_ANALYZER_NUMBER_OBJECT_CONVERSION = YES_AGGRESSIVE;
				CLANG_CXX_LANGUAGE_STANDARD = "gnu++20";
				CLANG_ENABLE_MODULES = YES;
				CLANG_ENABLE_OBJC_ARC = YES;
				CLANG_ENABLE_OBJC_WEAK = YES;
				CLANG_WARN_BLOCK_CAPTURE_AUTORELEASING = YES;
				CLANG_WARN_BOOL_CONVERSION = YES;
				CLANG_WARN_COMMA = YES;
				CLANG_WARN_CONSTANT_CONVERSION = YES;
				CLANG_WARN_DEPRECATED_OBJC_IMPLEMENTATIONS = YES;
				CLANG_WARN_DIRECT_OBJC_ISA_USAGE = YES_ERROR;
				CLANG_WARN_DOCUMENTATION_COMMENTS = YES;
				CLANG_WARN_EMPTY_BODY = YES;
				CLANG_WARN_ENUM_CONVERSION = YES;
				CLANG_WARN_INFINITE_RECURSION = YES;
				CLANG_WARN_INT_CONVERSION = YES;
				CLANG_WARN_NON_LITERAL_NULL_CONVERSION = YES;
				CLANG_WARN_OBJC_IMPLICIT_RETAIN_SELF = YES;
				CLANG_WARN_OBJC_LITERAL_CONVERSION = YES;
				CLANG_WARN_OBJC_ROOT_CLASS = YES_ERROR;
				CLANG_WARN_QUOTED_INCLUDE_IN_FRAMEWORK_HEADER = YES;
				CLANG_WARN_RANGE_LOOP_ANALYSIS = YES;
				CLANG_WARN_STRICT_PROTOTYPES = YES;
				CLANG_WARN_SUSPICIOUS_MOVE = YES;
				CLANG_WARN_UNGUARDED_AVAILABILITY = YES_AGGRESSIVE;
				CLANG_WARN_UNREACHABLE_CODE = YES;
				CLANG_WARN__DUPLICATE_METHOD_MATCH = YES;
				COPY_PHASE_STRIP = NO;
				DEBUG_INFORMATION_FORMAT = "dwarf-with-dsym";
				ENABLE_NS_ASSERTIONS = NO;
				ENABLE_STRICT_OBJC_MSGSEND = YES;
				GCC_C_LANGUAGE_STANDARD = gnu11;
				GCC_NO_COMMON_BLOCKS = YES;
				GCC_WARN_64_TO_32_BIT_CONVERSION = YES;
				GCC_WARN_ABOUT_RETURN_TYPE = YES_ERROR;
				GCC_WARN_UNDECLARED_SELECTOR = YES;
				GCC_WARN_UNINITIALIZED_AUTOS = YES_AGGRESSIVE;
				GCC_WARN_UNUSED_FUNCTION = YES;
				GCC_WARN_UNUSED_VARIABLE = YES;
				MACOSX_DEPLOYMENT_TARGET = 12.3;
				MTL_ENABLE_DEBUG_INFO = NO;
				MTL_FAST_MATH = YES;
				SDKROOT = macosx;
				SWIFT_COMPILATION_MODE = wholemodule;
				SWIFT_OPTIMIZATION_LEVEL = "-O";
			};
			name = Release;
		};
		FA51A6F628F6B73D0071BC9E /* Debug */ = {
			isa = XCBuildConfiguration;
			buildSettings = {
				ASSETCATALOG_COMPILER_APPICON_NAME = AppIcon;
				ASSETCATALOG_COMPILER_GLOBAL_ACCENT_COLOR_NAME = AccentColor;
				CODE_SIGN_ENTITLEMENTS = iphoneInfoDisplay/iphoneInfoDisplay.entitlements;
				CODE_SIGN_STYLE = Automatic;
				COMBINE_HIDPI_IMAGES = YES;
				CURRENT_PROJECT_VERSION = 1;
				DEVELOPMENT_ASSET_PATHS = "\"iphoneInfoDisplay/Preview Content\"";
				ENABLE_PREVIEWS = YES;
				GENERATE_INFOPLIST_FILE = YES;
				INFOPLIST_FILE = iphoneInfoDisplay/Info.plist;
				INFOPLIST_KEY_NSHumanReadableCopyright = "";
				LD_RUNPATH_SEARCH_PATHS = (
					"$(inherited)",
					"@executable_path/../Frameworks",
				);
				MARKETING_VERSION = 1.0;
				PRODUCT_BUNDLE_IDENTIFIER = com.rababvice.iphoneInfoDisplay;
				PRODUCT_NAME = "$(TARGET_NAME)";
				SWIFT_EMIT_LOC_STRINGS = YES;
				SWIFT_VERSION = 5.0;
			};
			name = Debug;
		};
		FA51A6F728F6B73D0071BC9E /* Release */ = {
			isa = XCBuildConfiguration;
			buildSettings = {
				ASSETCATALOG_COMPILER_APPICON_NAME = AppIcon;
				ASSETCATALOG_COMPILER_GLOBAL_ACCENT_COLOR_NAME = AccentColor;
				CODE_SIGN_ENTITLEMENTS = iphoneInfoDisplay/iphoneInfoDisplay.entitlements;
				CODE_SIGN_STYLE = Automatic;
				COMBINE_HIDPI_IMAGES = YES;
				CURRENT_PROJECT_VERSION = 1;
				DEVELOPMENT_ASSET_PATHS = "\"iphoneInfoDisplay/Preview Content\"";
				ENABLE_PREVIEWS = YES;
				GENERATE_INFOPLIST_FILE = YES;
				INFOPLIST_FILE = iphoneInfoDisplay/Info.plist;
				INFOPLIST_KEY_NSHumanReadableCopyright = "";
				LD_RUNPATH_SEARCH_PATHS = (
					"$(inherited)",
					"@executable_path/../Frameworks",
				);
				MARKETING_VERSION = 1.0;
				PRODUCT_BUNDLE_IDENTIFIER = com.rababvice.iphoneInfoDisplay;
				PRODUCT_NAME = "$(TARGET_NAME)";
				SWIFT_EMIT_LOC_STRINGS = YES;
				SWIFT_VERSION = 5.0;
			};
			name = Release;
		};
/* End XCBuildConfiguration section */

/* Begin XCConfigurationList section */
		FA51A6E128F6B7390071BC9E /* Build configuration list for PBXProject "iphoneInfoDisplay" */ = {
			isa = XCConfigurationList;
			buildConfigurations = (
				FA51A6F328F6B73D0071BC9E /* Debug */,
				FA51A6F428F6B73D0071BC9E /* Release */,
			);
			defaultConfigurationIsVisible = 0;
			defaultConfigurationName = Release;
		};
		FA51A6F528F6B73D0071BC9E /* Build configuration list for PBXNativeTarget "iphoneInfoDisplay" */ = {
			isa = XCConfigurationList;
			buildConfigurations = (
				FA51A6F628F6B73D0071BC9E /* Debug */,
				FA51A6F728F6B73D0071BC9E /* Release */,
			);
			defaultConfigurationIsVisible = 0;
			defaultConfigurationName = Release;
		};
/* End XCConfigurationList section */

/* Begin XCRemoteSwiftPackageReference section */
		FA790EA32939EBA200C4B4B4 /* XCRemoteSwiftPackageReference "firebase-ios-sdk" */ = {
			isa = XCRemoteSwiftPackageReference;
			repositoryURL = "https://github.com/firebase/firebase-ios-sdk";
			requirement = {
				kind = upToNextMajorVersion;
				minimumVersion = 9.0.0;
			};
		};
/* End XCRemoteSwiftPackageReference section */

/* Begin XCSwiftPackageProductDependency section */
		FA790EA42939EBA200C4B4B4 /* FirebaseAuth */ = {
			isa = XCSwiftPackageProductDependency;
			package = FA790EA32939EBA200C4B4B4 /* XCRemoteSwiftPackageReference "firebase-ios-sdk" */;
			productName = FirebaseAuth;
		};
		FA790EA62939EBA200C4B4B4 /* FirebaseDatabase */ = {
			isa = XCSwiftPackageProductDependency;
			package = FA790EA32939EBA200C4B4B4 /* XCRemoteSwiftPackageReference "firebase-ios-sdk" */;
			productName = FirebaseDatabase;
		};
		FA790EA82939EBA200C4B4B4 /* FirebaseFirestore */ = {
			isa = XCSwiftPackageProductDependency;
			package = FA790EA32939EBA200C4B4B4 /* XCRemoteSwiftPackageReference "firebase-ios-sdk" */;
			productName = FirebaseFirestore;
		};
		FA790EAA2939EBA200C4B4B4 /* FirebaseRemoteConfig */ = {
			isa = XCSwiftPackageProductDependency;
			package = FA790EA32939EBA200C4B4B4 /* XCRemoteSwiftPackageReference "firebase-ios-sdk" */;
			productName = FirebaseRemoteConfig;
		};
		FA790EAC2939EBA200C4B4B4 /* FirebaseStorage */ = {
			isa = XCSwiftPackageProductDependency;
			package = FA790EA32939EBA200C4B4B4 /* XCRemoteSwiftPackageReference "firebase-ios-sdk" */;
			productName = FirebaseStorage;
		};
/* End XCSwiftPackageProductDependency section */
	};
	rootObject = FA51A6DE28F6B7390071BC9E /* Project object */;
}
